
Microsoft Visual Studio Solution File, Format Version 12.00
# Visual Studio 14
VisualStudioVersion = 14.0.24720.0
MinimumVisualStudioVersion = 10.0.40219.1
Project("{FAE04EC0-301F-11D3-BF4B-00C04F79EFBC}") = "Mata", "Mata\Mata.csproj", "{3BD785C9-A969-485D-A3C4-CC1C5BAD8FEC}"
EndProject
Project("{2150E333-8FDC-42A3-9474-1A3956D46DE8}") = "Solution Items", "Solution Items", "{64EC2F25-489D-4D6F-A071-2A2E41B2A165}"
	ProjectSection(SolutionItems) = preProject
		.gitignore = .gitignore
		LICENSE.txt = LICENSE.txt
		Mata.ruleset = Mata.ruleset
		README.md = README.md
		stylecop.json = stylecop.json
		VersionInfo.cs = VersionInfo.cs
	EndProjectSection
EndProject
Project("{FAE04EC0-301F-11D3-BF4B-00C04F79EFBC}") = "Mata.Test", "Mata.Test\Mata.Test.csproj", "{BF7498D3-9481-4F69-8B1F-E1F2467E8244}"
EndProject
Global
	GlobalSection(SolutionConfigurationPlatforms) = preSolution
		Debug|Any CPU = Debug|Any CPU
		Release-4.5.2|Any CPU = Release-4.5.2|Any CPU
		Release-4.6.1|Any CPU = Release-4.6.1|Any CPU
	EndGlobalSection
	GlobalSection(ProjectConfigurationPlatforms) = postSolution
		{3BD785C9-A969-485D-A3C4-CC1C5BAD8FEC}.Debug|Any CPU.ActiveCfg = Debug|Any CPU
		{3BD785C9-A969-485D-A3C4-CC1C5BAD8FEC}.Debug|Any CPU.Build.0 = Debug|Any CPU
		{3BD785C9-A969-485D-A3C4-CC1C5BAD8FEC}.Release-4.5.2|Any CPU.ActiveCfg = Release-4.5.2|Any CPU
		{3BD785C9-A969-485D-A3C4-CC1C5BAD8FEC}.Release-4.5.2|Any CPU.Build.0 = Release-4.5.2|Any CPU
		{3BD785C9-A969-485D-A3C4-CC1C5BAD8FEC}.Release-4.6.1|Any CPU.ActiveCfg = Release-4.6.1|Any CPU
		{3BD785C9-A969-485D-A3C4-CC1C5BAD8FEC}.Release-4.6.1|Any CPU.Build.0 = Release-4.6.1|Any CPU
		{BF7498D3-9481-4F69-8B1F-E1F2467E8244}.Debug|Any CPU.ActiveCfg = Debug|Any CPU
		{BF7498D3-9481-4F69-8B1F-E1F2467E8244}.Debug|Any CPU.Build.0 = Debug|Any CPU
		{BF7498D3-9481-4F69-8B1F-E1F2467E8244}.Release-4.5.2|Any CPU.ActiveCfg = Release|Any CPU
		{BF7498D3-9481-4F69-8B1F-E1F2467E8244}.Release-4.5.2|Any CPU.Build.0 = Release|Any CPU
		{BF7498D3-9481-4F69-8B1F-E1F2467E8244}.Release-4.6.1|Any CPU.ActiveCfg = Release|Any CPU
		{BF7498D3-9481-4F69-8B1F-E1F2467E8244}.Release-4.6.1|Any CPU.Build.0 = Release|Any CPU
	EndGlobalSection
	GlobalSection(SolutionProperties) = preSolution
		HideSolutionNode = FALSE
	EndGlobalSection
EndGlobal
